
Microsoft Visual Studio Solution File, Format Version 12.00
# Visual Studio Version 16
VisualStudioVersion = 16.0.30413.136
MinimumVisualStudioVersion = 10.0.40219.1
Project("{FAE04EC0-301F-11D3-BF4B-00C04F79EFBC}") = "DS", "DS\DS.csproj", "{94B6517A-28FE-4EDA-A405-4F2B0DFB54D9}"
EndProject
Global
	GlobalSection(SolutionConfigurationPlatforms) = preSolution
		Debug|Any CPU = Debug|Any CPU
		Release|Any CPU = Release|Any CPU
	EndGlobalSection
	GlobalSection(ProjectConfigurationPlatforms) = postSolution
		{94B6517A-28FE-4EDA-A405-4F2B0DFB54D9}.Debug|Any CPU.ActiveCfg = Debug|Any CPU
		{94B6517A-28FE-4EDA-A405-4F2B0DFB54D9}.Debug|Any CPU.Build.0 = Debug|Any CPU
		{94B6517A-28FE-4EDA-A405-4F2B0DFB54D9}.Release|Any CPU.ActiveCfg = Release|Any CPU
		{94B6517A-28FE-4EDA-A405-4F2B0DFB54D9}.Release|Any CPU.Build.0 = Release|Any CPU
	EndGlobalSection
	GlobalSection(SolutionProperties) = preSolution
		HideSolutionNode = FALSE
	EndGlobalSection
	GlobalSection(ExtensibilityGlobals) = postSolution
		SolutionGuid = {8691A979-96A2-4C3F-BC34-0DA343934367}
	EndGlobalSection
EndGlobal
